// !$*UTF8*$!
{
	archiveVersion = 1;
	classes = {
	};
	objectVersion = 46;
	objects = {

/* Begin PBXBuildFile section */
		B7164323668322B13F54A76D /* Pods.framework in Frameworks */ = {isa = PBXBuildFile; fileRef = 693BEEFDE451A76E0F74D42E /* Pods.framework */; };
		D51C63D81C169A3600E790E0 /* AppDelegate.swift in Sources */ = {isa = PBXBuildFile; fileRef = D51C63D71C169A3600E790E0 /* AppDelegate.swift */; };
		D51C63DA1C169A3600E790E0 /* ViewController.swift in Sources */ = {isa = PBXBuildFile; fileRef = D51C63D91C169A3600E790E0 /* ViewController.swift */; };
		D51C63DC1C169A3600E790E0 /* Assets.xcassets in Resources */ = {isa = PBXBuildFile; fileRef = D51C63DB1C169A3600E790E0 /* Assets.xcassets */; };
		D51C63DF1C169A3600E790E0 /* Main.storyboard in Resources */ = {isa = PBXBuildFile; fileRef = D51C63DD1C169A3600E790E0 /* Main.storyboard */; };
		D51C63E71C169DD700E790E0 /* RestManager.swift in Sources */ = {isa = PBXBuildFile; fileRef = D51C63E61C169DD700E790E0 /* RestManager.swift */; };
		D51C63E91C16A3E800E790E0 /* StoreManager.swift in Sources */ = {isa = PBXBuildFile; fileRef = D51C63E81C16A3E800E790E0 /* StoreManager.swift */; };
		D596349F1C18A07400FFC596 /* Dictionary.swift in Sources */ = {isa = PBXBuildFile; fileRef = D596349E1C18A07400FFC596 /* Dictionary.swift */; };
		D5CB0E071C2373F900A619DC /* StoreManagerTests.swift in Sources */ = {isa = PBXBuildFile; fileRef = D5CB0E061C2373F900A619DC /* StoreManagerTests.swift */; };
		D5CB0E111C23746100A619DC /* DictionaryTests.swift in Sources */ = {isa = PBXBuildFile; fileRef = D5CB0E101C23746100A619DC /* DictionaryTests.swift */; };
		D5CB0E131C2376C600A619DC /* ViewControllerTests.swift in Sources */ = {isa = PBXBuildFile; fileRef = D5CB0E121C2376C600A619DC /* ViewControllerTests.swift */; };
		D5CB0E171C239A7700A619DC /* RestManagerTests.swift in Sources */ = {isa = PBXBuildFile; fileRef = D5CB0E161C239A7700A619DC /* RestManagerTests.swift */; };
/* End PBXBuildFile section */

/* Begin PBXContainerItemProxy section */
		D5CB0E091C2373F900A619DC /* PBXContainerItemProxy */ = {
			isa = PBXContainerItemProxy;
			containerPortal = D51C63CC1C169A3600E790E0 /* Project object */;
			proxyType = 1;
			remoteGlobalIDString = D51C63D31C169A3600E790E0;
			remoteInfo = "GCM Sender";
		};
/* End PBXContainerItemProxy section */

/* Begin PBXFileReference section */
		693BEEFDE451A76E0F74D42E /* Pods.framework */ = {isa = PBXFileReference; explicitFileType = wrapper.framework; includeInIndex = 0; path = Pods.framework; sourceTree = BUILT_PRODUCTS_DIR; };
		A5677D361F262B93D1E19DB5 /* Pods.debug.xcconfig */ = {isa = PBXFileReference; includeInIndex = 1; lastKnownFileType = text.xcconfig; name = Pods.debug.xcconfig; path = "Pods/Target Support Files/Pods/Pods.debug.xcconfig"; sourceTree = "<group>"; };
		B72538C97127BD69E582E059 /* Pods.release.xcconfig */ = {isa = PBXFileReference; includeInIndex = 1; lastKnownFileType = text.xcconfig; name = Pods.release.xcconfig; path = "Pods/Target Support Files/Pods/Pods.release.xcconfig"; sourceTree = "<group>"; };
		D51C63D41C169A3600E790E0 /* GCM Sender.app */ = {isa = PBXFileReference; explicitFileType = wrapper.application; includeInIndex = 0; path = "GCM Sender.app"; sourceTree = BUILT_PRODUCTS_DIR; };
		D51C63D71C169A3600E790E0 /* AppDelegate.swift */ = {isa = PBXFileReference; lastKnownFileType = sourcecode.swift; path = AppDelegate.swift; sourceTree = "<group>"; };
		D51C63D91C169A3600E790E0 /* ViewController.swift */ = {isa = PBXFileReference; lastKnownFileType = sourcecode.swift; path = ViewController.swift; sourceTree = "<group>"; };
		D51C63DB1C169A3600E790E0 /* Assets.xcassets */ = {isa = PBXFileReference; lastKnownFileType = folder.assetcatalog; path = Assets.xcassets; sourceTree = "<group>"; };
		D51C63DE1C169A3600E790E0 /* Base */ = {isa = PBXFileReference; lastKnownFileType = file.storyboard; name = Base; path = Base.lproj/Main.storyboard; sourceTree = "<group>"; };
		D51C63E01C169A3600E790E0 /* Info.plist */ = {isa = PBXFileReference; lastKnownFileType = text.plist.xml; path = Info.plist; sourceTree = "<group>"; };
		D51C63E61C169DD700E790E0 /* RestManager.swift */ = {isa = PBXFileReference; fileEncoding = 4; lastKnownFileType = sourcecode.swift; path = RestManager.swift; sourceTree = "<group>"; };
		D51C63E81C16A3E800E790E0 /* StoreManager.swift */ = {isa = PBXFileReference; fileEncoding = 4; lastKnownFileType = sourcecode.swift; path = StoreManager.swift; sourceTree = "<group>"; };
		D596349E1C18A07400FFC596 /* Dictionary.swift */ = {isa = PBXFileReference; fileEncoding = 4; lastKnownFileType = sourcecode.swift; path = Dictionary.swift; sourceTree = "<group>"; };
		D5CB0E041C2373F900A619DC /* GCM SenderTests.xctest */ = {isa = PBXFileReference; explicitFileType = wrapper.cfbundle; includeInIndex = 0; path = "GCM SenderTests.xctest"; sourceTree = BUILT_PRODUCTS_DIR; };
		D5CB0E061C2373F900A619DC /* StoreManagerTests.swift */ = {isa = PBXFileReference; lastKnownFileType = sourcecode.swift; path = StoreManagerTests.swift; sourceTree = "<group>"; };
		D5CB0E081C2373F900A619DC /* Info.plist */ = {isa = PBXFileReference; lastKnownFileType = text.plist.xml; path = Info.plist; sourceTree = "<group>"; };
		D5CB0E101C23746100A619DC /* DictionaryTests.swift */ = {isa = PBXFileReference; fileEncoding = 4; lastKnownFileType = sourcecode.swift; path = DictionaryTests.swift; sourceTree = "<group>"; };
		D5CB0E121C2376C600A619DC /* ViewControllerTests.swift */ = {isa = PBXFileReference; fileEncoding = 4; lastKnownFileType = sourcecode.swift; path = ViewControllerTests.swift; sourceTree = "<group>"; };
		D5CB0E161C239A7700A619DC /* RestManagerTests.swift */ = {isa = PBXFileReference; fileEncoding = 4; lastKnownFileType = sourcecode.swift; path = RestManagerTests.swift; sourceTree = "<group>"; };
/* End PBXFileReference section */

/* Begin PBXFrameworksBuildPhase section */
		D51C63D11C169A3600E790E0 /* Frameworks */ = {
			isa = PBXFrameworksBuildPhase;
			buildActionMask = 2147483647;
			files = (
				B7164323668322B13F54A76D /* Pods.framework in Frameworks */,
			);
			runOnlyForDeploymentPostprocessing = 0;
		};
		D5CB0E011C2373F900A619DC /* Frameworks */ = {
			isa = PBXFrameworksBuildPhase;
			buildActionMask = 2147483647;
			files = (
			);
			runOnlyForDeploymentPostprocessing = 0;
		};
/* End PBXFrameworksBuildPhase section */

/* Begin PBXGroup section */
		67D0858AAF939918D95A775A /* Pods */ = {
			isa = PBXGroup;
			children = (
				A5677D361F262B93D1E19DB5 /* Pods.debug.xcconfig */,
				B72538C97127BD69E582E059 /* Pods.release.xcconfig */,
			);
			name = Pods;
			sourceTree = "<group>";
		};
		9FBF9F77B344B582D2948940 /* Frameworks */ = {
			isa = PBXGroup;
			children = (
				693BEEFDE451A76E0F74D42E /* Pods.framework */,
			);
			name = Frameworks;
			sourceTree = "<group>";
		};
		D51C63CB1C169A3600E790E0 = {
			isa = PBXGroup;
			children = (
				D51C63D61C169A3600E790E0 /* GCM Sender */,
				D5CB0E051C2373F900A619DC /* GCM SenderTests */,
				D51C63D51C169A3600E790E0 /* Products */,
				67D0858AAF939918D95A775A /* Pods */,
				9FBF9F77B344B582D2948940 /* Frameworks */,
			);
			sourceTree = "<group>";
		};
		D51C63D51C169A3600E790E0 /* Products */ = {
			isa = PBXGroup;
			children = (
				D51C63D41C169A3600E790E0 /* GCM Sender.app */,
				D5CB0E041C2373F900A619DC /* GCM SenderTests.xctest */,
			);
			name = Products;
			sourceTree = "<group>";
		};
		D51C63D61C169A3600E790E0 /* GCM Sender */ = {
			isa = PBXGroup;
			children = (
				D51C63D71C169A3600E790E0 /* AppDelegate.swift */,
				D596349E1C18A07400FFC596 /* Dictionary.swift */,
				D51C63D91C169A3600E790E0 /* ViewController.swift */,
				D51C63E61C169DD700E790E0 /* RestManager.swift */,
				D51C63E81C16A3E800E790E0 /* StoreManager.swift */,
				D51C63DB1C169A3600E790E0 /* Assets.xcassets */,
				D51C63DD1C169A3600E790E0 /* Main.storyboard */,
				D51C63E01C169A3600E790E0 /* Info.plist */,
			);
			path = "GCM Sender";
			sourceTree = "<group>";
		};
		D5CB0E051C2373F900A619DC /* GCM SenderTests */ = {
			isa = PBXGroup;
			children = (
				D5CB0E061C2373F900A619DC /* StoreManagerTests.swift */,
				D5CB0E101C23746100A619DC /* DictionaryTests.swift */,
				D5CB0E121C2376C600A619DC /* ViewControllerTests.swift */,
				D5CB0E161C239A7700A619DC /* RestManagerTests.swift */,
				D5CB0E081C2373F900A619DC /* Info.plist */,
			);
			path = "GCM SenderTests";
			sourceTree = "<group>";
		};
/* End PBXGroup section */

/* Begin PBXNativeTarget section */
		D51C63D31C169A3600E790E0 /* GCM Sender */ = {
			isa = PBXNativeTarget;
			buildConfigurationList = D51C63E31C169A3600E790E0 /* Build configuration list for PBXNativeTarget "GCM Sender" */;
			buildPhases = (
				1F2D7E98F7306BEA9D236789 /* Check Pods Manifest.lock */,
				D51C63D01C169A3600E790E0 /* Sources */,
				D51C63D11C169A3600E790E0 /* Frameworks */,
				D51C63D21C169A3600E790E0 /* Resources */,
				9A88BB80E865AC150E4CFBBD /* Embed Pods Frameworks */,
				74D1AAF90CB573C93A222A7D /* Copy Pods Resources */,
			);
			buildRules = (
			);
			dependencies = (
			);
			name = "GCM Sender";
			productName = "GCM Sender";
			productReference = D51C63D41C169A3600E790E0 /* GCM Sender.app */;
			productType = "com.apple.product-type.application";
		};
		D5CB0E031C2373F900A619DC /* GCM SenderTests */ = {
			isa = PBXNativeTarget;
			buildConfigurationList = D5CB0E0B1C2373F900A619DC /* Build configuration list for PBXNativeTarget "GCM SenderTests" */;
			buildPhases = (
				D5CB0E001C2373F900A619DC /* Sources */,
				D5CB0E011C2373F900A619DC /* Frameworks */,
				D5CB0E021C2373F900A619DC /* Resources */,
			);
			buildRules = (
			);
			dependencies = (
				D5CB0E0A1C2373F900A619DC /* PBXTargetDependency */,
			);
			name = "GCM SenderTests";
			productName = "GCM SenderTests";
			productReference = D5CB0E041C2373F900A619DC /* GCM SenderTests.xctest */;
			productType = "com.apple.product-type.bundle.unit-test";
		};
/* End PBXNativeTarget section */

/* Begin PBXProject section */
		D51C63CC1C169A3600E790E0 /* Project object */ = {
			isa = PBXProject;
			attributes = {
				LastSwiftUpdateCheck = 0720;
				LastUpgradeCheck = 0710;
				ORGANIZATIONNAME = "Droids on Roids";
				TargetAttributes = {
					D51C63D31C169A3600E790E0 = {
						CreatedOnToolsVersion = 7.1.1;
					};
					D5CB0E031C2373F900A619DC = {
						CreatedOnToolsVersion = 7.2;
						TestTargetID = D51C63D31C169A3600E790E0;
					};
				};
			};
			buildConfigurationList = D51C63CF1C169A3600E790E0 /* Build configuration list for PBXProject "GCM Sender" */;
			compatibilityVersion = "Xcode 3.2";
			developmentRegion = English;
			hasScannedForEncodings = 0;
			knownRegions = (
				en,
				Base,
			);
			mainGroup = D51C63CB1C169A3600E790E0;
			productRefGroup = D51C63D51C169A3600E790E0 /* Products */;
			projectDirPath = "";
			projectRoot = "";
			targets = (
				D51C63D31C169A3600E790E0 /* GCM Sender */,
				D5CB0E031C2373F900A619DC /* GCM SenderTests */,
			);
		};
/* End PBXProject section */

/* Begin PBXResourcesBuildPhase section */
		D51C63D21C169A3600E790E0 /* Resources */ = {
			isa = PBXResourcesBuildPhase;
			buildActionMask = 2147483647;
			files = (
				D51C63DC1C169A3600E790E0 /* Assets.xcassets in Resources */,
				D51C63DF1C169A3600E790E0 /* Main.storyboard in Resources */,
			);
			runOnlyForDeploymentPostprocessing = 0;
		};
		D5CB0E021C2373F900A619DC /* Resources */ = {
			isa = PBXResourcesBuildPhase;
			buildActionMask = 2147483647;
			files = (
			);
			runOnlyForDeploymentPostprocessing = 0;
		};
/* End PBXResourcesBuildPhase section */

/* Begin PBXShellScriptBuildPhase section */
		1F2D7E98F7306BEA9D236789 /* Check Pods Manifest.lock */ = {
			isa = PBXShellScriptBuildPhase;
			buildActionMask = 2147483647;
			files = (
			);
			inputPaths = (
			);
			name = "Check Pods Manifest.lock";
			outputPaths = (
			);
			runOnlyForDeploymentPostprocessing = 0;
			shellPath = /bin/sh;
			shellScript = "diff \"${PODS_ROOT}/../Podfile.lock\" \"${PODS_ROOT}/Manifest.lock\" > /dev/null\nif [[ $? != 0 ]] ; then\n    cat << EOM\nerror: The sandbox is not in sync with the Podfile.lock. Run 'pod install' or update your CocoaPods installation.\nEOM\n    exit 1\nfi\n";
			showEnvVarsInLog = 0;
		};
		74D1AAF90CB573C93A222A7D /* Copy Pods Resources */ = {
			isa = PBXShellScriptBuildPhase;
			buildActionMask = 2147483647;
			files = (
			);
			inputPaths = (
			);
			name = "Copy Pods Resources";
			outputPaths = (
			);
			runOnlyForDeploymentPostprocessing = 0;
			shellPath = /bin/sh;
			shellScript = "\"${SRCROOT}/Pods/Target Support Files/Pods/Pods-resources.sh\"\n";
			showEnvVarsInLog = 0;
		};
		9A88BB80E865AC150E4CFBBD /* Embed Pods Frameworks */ = {
			isa = PBXShellScriptBuildPhase;
			buildActionMask = 2147483647;
			files = (
			);
			inputPaths = (
			);
			name = "Embed Pods Frameworks";
			outputPaths = (
			);
			runOnlyForDeploymentPostprocessing = 0;
			shellPath = /bin/sh;
			shellScript = "\"${SRCROOT}/Pods/Target Support Files/Pods/Pods-frameworks.sh\"\n";
			showEnvVarsInLog = 0;
		};
/* End PBXShellScriptBuildPhase section */

/* Begin PBXSourcesBuildPhase section */
		D51C63D01C169A3600E790E0 /* Sources */ = {
			isa = PBXSourcesBuildPhase;
			buildActionMask = 2147483647;
			files = (
				D51C63E71C169DD700E790E0 /* RestManager.swift in Sources */,
				D596349F1C18A07400FFC596 /* Dictionary.swift in Sources */,
				D51C63E91C16A3E800E790E0 /* StoreManager.swift in Sources */,
				D51C63DA1C169A3600E790E0 /* ViewController.swift in Sources */,
				D51C63D81C169A3600E790E0 /* AppDelegate.swift in Sources */,
			);
			runOnlyForDeploymentPostprocessing = 0;
		};
		D5CB0E001C2373F900A619DC /* Sources */ = {
			isa = PBXSourcesBuildPhase;
			buildActionMask = 2147483647;
			files = (
				D5CB0E131C2376C600A619DC /* ViewControllerTests.swift in Sources */,
				D5CB0E171C239A7700A619DC /* RestManagerTests.swift in Sources */,
				D5CB0E071C2373F900A619DC /* StoreManagerTests.swift in Sources */,
				D5CB0E111C23746100A619DC /* DictionaryTests.swift in Sources */,
			);
			runOnlyForDeploymentPostprocessing = 0;
		};
/* End PBXSourcesBuildPhase section */

/* Begin PBXTargetDependency section */
		D5CB0E0A1C2373F900A619DC /* PBXTargetDependency */ = {
			isa = PBXTargetDependency;
			target = D51C63D31C169A3600E790E0 /* GCM Sender */;
			targetProxy = D5CB0E091C2373F900A619DC /* PBXContainerItemProxy */;
		};
/* End PBXTargetDependency section */

/* Begin PBXVariantGroup section */
		D51C63DD1C169A3600E790E0 /* Main.storyboard */ = {
			isa = PBXVariantGroup;
			children = (
				D51C63DE1C169A3600E790E0 /* Base */,
			);
			name = Main.storyboard;
			sourceTree = "<group>";
		};
/* End PBXVariantGroup section */

/* Begin XCBuildConfiguration section */
		D51C63E11C169A3600E790E0 /* Debug */ = {
			isa = XCBuildConfiguration;
			buildSettings = {
				ALWAYS_SEARCH_USER_PATHS = NO;
				CLANG_CXX_LANGUAGE_STANDARD = "gnu++0x";
				CLANG_CXX_LIBRARY = "libc++";
				CLANG_ENABLE_MODULES = YES;
				CLANG_ENABLE_OBJC_ARC = YES;
				CLANG_WARN_BOOL_CONVERSION = YES;
				CLANG_WARN_CONSTANT_CONVERSION = YES;
				CLANG_WARN_DIRECT_OBJC_ISA_USAGE = YES_ERROR;
				CLANG_WARN_EMPTY_BODY = YES;
				CLANG_WARN_ENUM_CONVERSION = YES;
				CLANG_WARN_INT_CONVERSION = YES;
				CLANG_WARN_OBJC_ROOT_CLASS = YES_ERROR;
				CLANG_WARN_UNREACHABLE_CODE = YES;
				CLANG_WARN__DUPLICATE_METHOD_MATCH = YES;
				CODE_SIGN_IDENTITY = "-";
				COPY_PHASE_STRIP = NO;
				DEBUG_INFORMATION_FORMAT = dwarf;
				ENABLE_STRICT_OBJC_MSGSEND = YES;
				ENABLE_TESTABILITY = YES;
				GCC_C_LANGUAGE_STANDARD = gnu99;
				GCC_DYNAMIC_NO_PIC = NO;
				GCC_NO_COMMON_BLOCKS = YES;
				GCC_OPTIMIZATION_LEVEL = 0;
				GCC_PREPROCESSOR_DEFINITIONS = (
					"DEBUG=1",
					"$(inherited)",
				);
				GCC_WARN_64_TO_32_BIT_CONVERSION = YES;
				GCC_WARN_ABOUT_RETURN_TYPE = YES_ERROR;
				GCC_WARN_UNDECLARED_SELECTOR = YES;
				GCC_WARN_UNINITIALIZED_AUTOS = YES_AGGRESSIVE;
				GCC_WARN_UNUSED_FUNCTION = YES;
				GCC_WARN_UNUSED_VARIABLE = YES;
				MACOSX_DEPLOYMENT_TARGET = 10.11;
				MTL_ENABLE_DEBUG_INFO = YES;
				ONLY_ACTIVE_ARCH = YES;
				SDKROOT = macosx;
				SWIFT_OPTIMIZATION_LEVEL = "-Onone";
			};
			name = Debug;
		};
		D51C63E21C169A3600E790E0 /* Release */ = {
			isa = XCBuildConfiguration;
			buildSettings = {
				ALWAYS_SEARCH_USER_PATHS = NO;
				CLANG_CXX_LANGUAGE_STANDARD = "gnu++0x";
				CLANG_CXX_LIBRARY = "libc++";
				CLANG_ENABLE_MODULES = YES;
				CLANG_ENABLE_OBJC_ARC = YES;
				CLANG_WARN_BOOL_CONVERSION = YES;
				CLANG_WARN_CONSTANT_CONVERSION = YES;
				CLANG_WARN_DIRECT_OBJC_ISA_USAGE = YES_ERROR;
				CLANG_WARN_EMPTY_BODY = YES;
				CLANG_WARN_ENUM_CONVERSION = YES;
				CLANG_WARN_INT_CONVERSION = YES;
				CLANG_WARN_OBJC_ROOT_CLASS = YES_ERROR;
				CLANG_WARN_UNREACHABLE_CODE = YES;
				CLANG_WARN__DUPLICATE_METHOD_MATCH = YES;
				CODE_SIGN_IDENTITY = "-";
				COPY_PHASE_STRIP = NO;
				DEBUG_INFORMATION_FORMAT = "dwarf-with-dsym";
				ENABLE_NS_ASSERTIONS = NO;
				ENABLE_STRICT_OBJC_MSGSEND = YES;
				GCC_C_LANGUAGE_STANDARD = gnu99;
				GCC_NO_COMMON_BLOCKS = YES;
				GCC_WARN_64_TO_32_BIT_CONVERSION = YES;
				GCC_WARN_ABOUT_RETURN_TYPE = YES_ERROR;
				GCC_WARN_UNDECLARED_SELECTOR = YES;
				GCC_WARN_UNINITIALIZED_AUTOS = YES_AGGRESSIVE;
				GCC_WARN_UNUSED_FUNCTION = YES;
				GCC_WARN_UNUSED_VARIABLE = YES;
				MACOSX_DEPLOYMENT_TARGET = 10.11;
				MTL_ENABLE_DEBUG_INFO = NO;
				SDKROOT = macosx;
			};
			name = Release;
		};
		D51C63E41C169A3600E790E0 /* Debug */ = {
			isa = XCBuildConfiguration;
			baseConfigurationReference = A5677D361F262B93D1E19DB5 /* Pods.debug.xcconfig */;
			buildSettings = {
				ASSETCATALOG_COMPILER_APPICON_NAME = AppIcon;
				COMBINE_HIDPI_IMAGES = YES;
				INFOPLIST_FILE = "GCM Sender/Info.plist";
				LD_RUNPATH_SEARCH_PATHS = "$(inherited) @executable_path/../Frameworks";
				MACOSX_DEPLOYMENT_TARGET = 10.10;
				PRODUCT_BUNDLE_IDENTIFIER = "pl.droidsonroids.GCM-Sender";
				PRODUCT_NAME = "$(TARGET_NAME)";
			};
			name = Debug;
		};
		D51C63E51C169A3600E790E0 /* Release */ = {
			isa = XCBuildConfiguration;
			baseConfigurationReference = B72538C97127BD69E582E059 /* Pods.release.xcconfig */;
			buildSettings = {
				ASSETCATALOG_COMPILER_APPICON_NAME = AppIcon;
				COMBINE_HIDPI_IMAGES = YES;
				INFOPLIST_FILE = "GCM Sender/Info.plist";
				LD_RUNPATH_SEARCH_PATHS = "$(inherited) @executable_path/../Frameworks";
				MACOSX_DEPLOYMENT_TARGET = 10.10;
				PRODUCT_BUNDLE_IDENTIFIER = "pl.droidsonroids.GCM-Sender";
				PRODUCT_NAME = "$(TARGET_NAME)";
			};
			name = Release;
		};
		D5CB0E0C1C2373F900A619DC /* Debug */ = {
			isa = XCBuildConfiguration;
			buildSettings = {
				BUNDLE_LOADER = "$(TEST_HOST)";
				COMBINE_HIDPI_IMAGES = YES;
				INFOPLIST_FILE = "GCM SenderTests/Info.plist";
				LD_RUNPATH_SEARCH_PATHS = "$(inherited) @executable_path/../Frameworks @loader_path/../Frameworks";
				PRODUCT_BUNDLE_IDENTIFIER = "pl.droidsonroids.GCM-SenderTests";
				PRODUCT_NAME = "$(TARGET_NAME)";
				TEST_HOST = "$(BUILT_PRODUCTS_DIR)/GCM Sender.app/Contents/MacOS/GCM Sender";
			};
			name = Debug;
		};
		D5CB0E0D1C2373F900A619DC /* Release */ = {
			isa = XCBuildConfiguration;
			buildSettings = {
				BUNDLE_LOADER = "$(TEST_HOST)";
				COMBINE_HIDPI_IMAGES = YES;
				INFOPLIST_FILE = "GCM SenderTests/Info.plist";
				LD_RUNPATH_SEARCH_PATHS = "$(inherited) @executable_path/../Frameworks @loader_path/../Frameworks";
				PRODUCT_BUNDLE_IDENTIFIER = "pl.droidsonroids.GCM-SenderTests";
				PRODUCT_NAME = "$(TARGET_NAME)";
				TEST_HOST = "$(BUILT_PRODUCTS_DIR)/GCM Sender.app/Contents/MacOS/GCM Sender";
			};
			name = Release;
		};
/* End XCBuildConfiguration section */

/* Begin XCConfigurationList section */
		D51C63CF1C169A3600E790E0 /* Build configuration list for PBXProject "GCM Sender" */ = {
			isa = XCConfigurationList;
			buildConfigurations = (
				D51C63E11C169A3600E790E0 /* Debug */,
				D51C63E21C169A3600E790E0 /* Release */,
			);
			defaultConfigurationIsVisible = 0;
			defaultConfigurationName = Release;
		};
		D51C63E31C169A3600E790E0 /* Build configuration list for PBXNativeTarget "GCM Sender" */ = {
			isa = XCConfigurationList;
			buildConfigurations = (
				D51C63E41C169A3600E790E0 /* Debug */,
				D51C63E51C169A3600E790E0 /* Release */,
			);
			defaultConfigurationIsVisible = 0;
			defaultConfigurationName = Release;
		};
		D5CB0E0B1C2373F900A619DC /* Build configuration list for PBXNativeTarget "GCM SenderTests" */ = {
			isa = XCConfigurationList;
			buildConfigurations = (
				D5CB0E0C1C2373F900A619DC /* Debug */,
				D5CB0E0D1C2373F900A619DC /* Release */,
			);
			defaultConfigurationIsVisible = 0;
		};
/* End XCConfigurationList section */
	};
	rootObject = D51C63CC1C169A3600E790E0 /* Project object */;
}
